
Microsoft Visual Studio Solution File, Format Version 12.00
# Visual Studio Version 17
VisualStudioVersion = 17.14.36511.14 d17.14
MinimumVisualStudioVersion = 10.0.40219.1
Project("{FAE04EC0-301F-11D3-BF4B-00C04F79EFBC}") = "BalPort", "BalPort\BalPort.csproj", "{CA650835-FE86-499F-8E53-243A38066F0B}"
EndProject
Global
	GlobalSection(SolutionConfigurationPlatforms) = preSolution
		Debug|Any CPU = Debug|Any CPU
		Release|Any CPU = Release|Any CPU
	EndGlobalSection
	GlobalSection(ProjectConfigurationPlatforms) = postSolution
		{CA650835-FE86-499F-8E53-243A38066F0B}.Debug|Any CPU.ActiveCfg = Debug|Any CPU
		{CA650835-FE86-499F-8E53-243A38066F0B}.Debug|Any CPU.Build.0 = Debug|Any CPU
		{CA650835-FE86-499F-8E53-243A38066F0B}.Release|Any CPU.ActiveCfg = Release|Any CPU
		{CA650835-FE86-499F-8E53-243A38066F0B}.Release|Any CPU.Build.0 = Release|Any CPU
	EndGlobalSection
	GlobalSection(SolutionProperties) = preSolution
		HideSolutionNode = FALSE
	EndGlobalSection
	GlobalSection(ExtensibilityGlobals) = postSolution
		SolutionGuid = {3EB66401-6FE3-4AE0-92AD-E5EC1A5C75C2}
	EndGlobalSection
EndGlobal
